// !$*UTF8*$!
{
	archiveVersion = 1;
	classes = {
	};
	objectVersion = 50;
	objects = {

/* Begin PBXBuildFile section */
		3EDED7912090B3680006268F /* AppDelegate.swift in Sources */ = {isa = PBXBuildFile; fileRef = 3EDED7902090B3680006268F /* AppDelegate.swift */; };
		3EDED7932090B3680006268F /* ViewController.swift in Sources */ = {isa = PBXBuildFile; fileRef = 3EDED7922090B3680006268F /* ViewController.swift */; };
		3EDED7962090B3680006268F /* Main.storyboard in Resources */ = {isa = PBXBuildFile; fileRef = 3EDED7942090B3680006268F /* Main.storyboard */; };
		3EDED7982090B36C0006268F /* Assets.xcassets in Resources */ = {isa = PBXBuildFile; fileRef = 3EDED7972090B36C0006268F /* Assets.xcassets */; };
		3EDED79B2090B36C0006268F /* LaunchScreen.storyboard in Resources */ = {isa = PBXBuildFile; fileRef = 3EDED7992090B36C0006268F /* LaunchScreen.storyboard */; };
		B46FA62DE4464B30FF29F8C3 /* Pods_EzDealzDemo.framework in Frameworks */ = {isa = PBXBuildFile; fileRef = EB2D9F3B28F399B2F659D258 /* Pods_EzDealzDemo.framework */; };
/* End PBXBuildFile section */

/* Begin PBXFileReference section */
		3EDED78D2090B3680006268F /* EzDealzDemo.app */ = {isa = PBXFileReference; explicitFileType = wrapper.application; includeInIndex = 0; path = EzDealzDemo.app; sourceTree = BUILT_PRODUCTS_DIR; };
		3EDED7902090B3680006268F /* AppDelegate.swift */ = {isa = PBXFileReference; lastKnownFileType = sourcecode.swift; path = AppDelegate.swift; sourceTree = "<group>"; };
		3EDED7922090B3680006268F /* ViewController.swift */ = {isa = PBXFileReference; lastKnownFileType = sourcecode.swift; path = ViewController.swift; sourceTree = "<group>"; };
		3EDED7952090B3680006268F /* Base */ = {isa = PBXFileReference; lastKnownFileType = file.storyboard; name = Base; path = Base.lproj/Main.storyboard; sourceTree = "<group>"; };
		3EDED7972090B36C0006268F /* Assets.xcassets */ = {isa = PBXFileReference; lastKnownFileType = folder.assetcatalog; path = Assets.xcassets; sourceTree = "<group>"; };
		3EDED79A2090B36C0006268F /* Base */ = {isa = PBXFileReference; lastKnownFileType = file.storyboard; name = Base; path = Base.lproj/LaunchScreen.storyboard; sourceTree = "<group>"; };
		3EDED79C2090B36C0006268F /* Info.plist */ = {isa = PBXFileReference; lastKnownFileType = text.plist.xml; path = Info.plist; sourceTree = "<group>"; };
		78C0F9CD7AFC08B09D0F8BC9 /* Pods-EzDealzDemo.release.xcconfig */ = {isa = PBXFileReference; includeInIndex = 1; lastKnownFileType = text.xcconfig; name = "Pods-EzDealzDemo.release.xcconfig"; path = "Pods/Target Support Files/Pods-EzDealzDemo/Pods-EzDealzDemo.release.xcconfig"; sourceTree = "<group>"; };
		DAF8ADC6824075C22FC1BB71 /* Pods-EzDealzDemo.debug.xcconfig */ = {isa = PBXFileReference; includeInIndex = 1; lastKnownFileType = text.xcconfig; name = "Pods-EzDealzDemo.debug.xcconfig"; path = "Pods/Target Support Files/Pods-EzDealzDemo/Pods-EzDealzDemo.debug.xcconfig"; sourceTree = "<group>"; };
		EB2D9F3B28F399B2F659D258 /* Pods_EzDealzDemo.framework */ = {isa = PBXFileReference; explicitFileType = wrapper.framework; includeInIndex = 0; path = Pods_EzDealzDemo.framework; sourceTree = BUILT_PRODUCTS_DIR; };
/* End PBXFileReference section */

/* Begin PBXFrameworksBuildPhase section */
		3EDED78A2090B3680006268F /* Frameworks */ = {
			isa = PBXFrameworksBuildPhase;
			buildActionMask = 2147483647;
			files = (
				B46FA62DE4464B30FF29F8C3 /* Pods_EzDealzDemo.framework in Frameworks */,
			);
			runOnlyForDeploymentPostprocessing = 0;
		};
/* End PBXFrameworksBuildPhase section */

/* Begin PBXGroup section */
		3EDED7842090B3680006268F = {
			isa = PBXGroup;
			children = (
				3EDED78F2090B3680006268F /* EzDealzDemo */,
				3EDED78E2090B3680006268F /* Products */,
				51172A107D2701696EC275CF /* Pods */,
				D0DA824A9DE09B0FDE17E1C0 /* Frameworks */,
			);
			sourceTree = "<group>";
		};
		3EDED78E2090B3680006268F /* Products */ = {
			isa = PBXGroup;
			children = (
				3EDED78D2090B3680006268F /* EzDealzDemo.app */,
			);
			name = Products;
			sourceTree = "<group>";
		};
		3EDED78F2090B3680006268F /* EzDealzDemo */ = {
			isa = PBXGroup;
			children = (
				3EDED7902090B3680006268F /* AppDelegate.swift */,
				3EDED7922090B3680006268F /* ViewController.swift */,
				3EDED7942090B3680006268F /* Main.storyboard */,
				3EDED7972090B36C0006268F /* Assets.xcassets */,
				3EDED7992090B36C0006268F /* LaunchScreen.storyboard */,
				3EDED79C2090B36C0006268F /* Info.plist */,
			);
			path = EzDealzDemo;
			sourceTree = "<group>";
		};
		51172A107D2701696EC275CF /* Pods */ = {
			isa = PBXGroup;
			children = (
				DAF8ADC6824075C22FC1BB71 /* Pods-EzDealzDemo.debug.xcconfig */,
				78C0F9CD7AFC08B09D0F8BC9 /* Pods-EzDealzDemo.release.xcconfig */,
			);
			name = Pods;
			sourceTree = "<group>";
		};
		D0DA824A9DE09B0FDE17E1C0 /* Frameworks */ = {
			isa = PBXGroup;
			children = (
				EB2D9F3B28F399B2F659D258 /* Pods_EzDealzDemo.framework */,
			);
			name = Frameworks;
			sourceTree = "<group>";
		};
/* End PBXGroup section */

/* Begin PBXNativeTarget section */
		3EDED78C2090B3680006268F /* EzDealzDemo */ = {
			isa = PBXNativeTarget;
			buildConfigurationList = 3EDED79F2090B36C0006268F /* Build configuration list for PBXNativeTarget "EzDealzDemo" */;
			buildPhases = (
				AEFBAEF980063267B82A4B96 /* [CP] Check Pods Manifest.lock */,
				3EDED7892090B3680006268F /* Sources */,
				3EDED78A2090B3680006268F /* Frameworks */,
				3EDED78B2090B3680006268F /* Resources */,
				DCF619E51488AF2CB45084F7 /* [CP] Embed Pods Frameworks */,
			);
			buildRules = (
			);
			dependencies = (
			);
			name = EzDealzDemo;
			productName = EzDealzDemo;
			productReference = 3EDED78D2090B3680006268F /* EzDealzDemo.app */;
			productType = "com.apple.product-type.application";
		};
/* End PBXNativeTarget section */

/* Begin PBXProject section */
		3EDED7852090B3680006268F /* Project object */ = {
			isa = PBXProject;
			attributes = {
				LastSwiftUpdateCheck = 0930;
				LastUpgradeCheck = 0930;
				ORGANIZATIONNAME = MuhammadKhan;
				TargetAttributes = {
					3EDED78C2090B3680006268F = {
						CreatedOnToolsVersion = 9.3;
					};
				};
			};
			buildConfigurationList = 3EDED7882090B3680006268F /* Build configuration list for PBXProject "EzDealzDemo" */;
			compatibilityVersion = "Xcode 9.3";
			developmentRegion = en;
			hasScannedForEncodings = 0;
			knownRegions = (
				en,
				Base,
			);
			mainGroup = 3EDED7842090B3680006268F;
			productRefGroup = 3EDED78E2090B3680006268F /* Products */;
			projectDirPath = "";
			projectRoot = "";
			targets = (
				3EDED78C2090B3680006268F /* EzDealzDemo */,
			);
		};
/* End PBXProject section */

/* Begin PBXResourcesBuildPhase section */
		3EDED78B2090B3680006268F /* Resources */ = {
			isa = PBXResourcesBuildPhase;
			buildActionMask = 2147483647;
			files = (
				3EDED79B2090B36C0006268F /* LaunchScreen.storyboard in Resources */,
				3EDED7982090B36C0006268F /* Assets.xcassets in Resources */,
				3EDED7962090B3680006268F /* Main.storyboard in Resources */,
			);
			runOnlyForDeploymentPostprocessing = 0;
		};
/* End PBXResourcesBuildPhase section */

/* Begin PBXShellScriptBuildPhase section */
		AEFBAEF980063267B82A4B96 /* [CP] Check Pods Manifest.lock */ = {
			isa = PBXShellScriptBuildPhase;
			buildActionMask = 2147483647;
			files = (
			);
			inputPaths = (
				"${PODS_PODFILE_DIR_PATH}/Podfile.lock",
				"${PODS_ROOT}/Manifest.lock",
			);
			name = "[CP] Check Pods Manifest.lock";
			outputPaths = (
				"$(DERIVED_FILE_DIR)/Pods-EzDealzDemo-checkManifestLockResult.txt",
			);
			runOnlyForDeploymentPostprocessing = 0;
			shellPath = /bin/sh;
			shellScript = "diff \"${PODS_PODFILE_DIR_PATH}/Podfile.lock\" \"${PODS_ROOT}/Manifest.lock\" > /dev/null\nif [ $? != 0 ] ; then\n    # print error to STDERR\n    echo \"error: The sandbox is not in sync with the Podfile.lock. Run 'pod install' or update your CocoaPods installation.\" >&2\n    exit 1\nfi\n# This output is used by Xcode 'outputs' to avoid re-running this script phase.\necho \"SUCCESS\" > \"${SCRIPT_OUTPUT_FILE_0}\"\n";
			showEnvVarsInLog = 0;
		};
		DCF619E51488AF2CB45084F7 /* [CP] Embed Pods Frameworks */ = {
			isa = PBXShellScriptBuildPhase;
			buildActionMask = 2147483647;
			files = (
			);
			inputPaths = (
				"${SRCROOT}/Pods/Target Support Files/Pods-EzDealzDemo/Pods-EzDealzDemo-frameworks.sh",
				"${BUILT_PRODUCTS_DIR}/Alamofire/Alamofire.framework",
				"${BUILT_PRODUCTS_DIR}/SwiftyJSON/SwiftyJSON.framework",
			);
			name = "[CP] Embed Pods Frameworks";
			outputPaths = (
				"${TARGET_BUILD_DIR}/${FRAMEWORKS_FOLDER_PATH}/Alamofire.framework",
				"${TARGET_BUILD_DIR}/${FRAMEWORKS_FOLDER_PATH}/SwiftyJSON.framework",
			);
			runOnlyForDeploymentPostprocessing = 0;
			shellPath = /bin/sh;
			shellScript = "\"${SRCROOT}/Pods/Target Support Files/Pods-EzDealzDemo/Pods-EzDealzDemo-frameworks.sh\"\n";
			showEnvVarsInLog = 0;
		};
/* End PBXShellScriptBuildPhase section */

/* Begin PBXSourcesBuildPhase section */
		3EDED7892090B3680006268F /* Sources */ = {
			isa = PBXSourcesBuildPhase;
			buildActionMask = 2147483647;
			files = (
				3EDED7932090B3680006268F /* ViewController.swift in Sources */,
				3EDED7912090B3680006268F /* AppDelegate.swift in Sources */,
			);
			runOnlyForDeploymentPostprocessing = 0;
		};
/* End PBXSourcesBuildPhase section */

/* Begin PBXVariantGroup section */
		3EDED7942090B3680006268F /* Main.storyboard */ = {
			isa = PBXVariantGroup;
			children = (
				3EDED7952090B3680006268F /* Base */,
			);
			name = Main.storyboard;
			sourceTree = "<group>";
		};
		3EDED7992090B36C0006268F /* LaunchScreen.storyboard */ = {
			isa = PBXVariantGroup;
			children = (
				3EDED79A2090B36C0006268F /* Base */,
			);
			name = LaunchScreen.storyboard;
			sourceTree = "<group>";
		};
/* End PBXVariantGroup section */

/* Begin XCBuildConfiguration section */
		3EDED79D2090B36C0006268F /* Debug */ = {
			isa = XCBuildConfiguration;
			buildSettings = {
				ALWAYS_SEARCH_USER_PATHS = NO;
				CLANG_ANALYZER_NONNULL = YES;
				CLANG_ANALYZER_NUMBER_OBJECT_CONVERSION = YES_AGGRESSIVE;
				CLANG_CXX_LANGUAGE_STANDARD = "gnu++14";
				CLANG_CXX_LIBRARY = "libc++";
				CLANG_ENABLE_MODULES = YES;
				CLANG_ENABLE_OBJC_ARC = YES;
				CLANG_ENABLE_OBJC_WEAK = YES;
				CLANG_WARN_BLOCK_CAPTURE_AUTORELEASING = YES;
				CLANG_WARN_BOOL_CONVERSION = YES;
				CLANG_WARN_COMMA = YES;
				CLANG_WARN_CONSTANT_CONVERSION = YES;
				CLANG_WARN_DEPRECATED_OBJC_IMPLEMENTATIONS = YES;
				CLANG_WARN_DIRECT_OBJC_ISA_USAGE = YES_ERROR;
				CLANG_WARN_DOCUMENTATION_COMMENTS = YES;
				CLANG_WARN_EMPTY_BODY = YES;
				CLANG_WARN_ENUM_CONVERSION = YES;
				CLANG_WARN_INFINITE_RECURSION = YES;
				CLANG_WARN_INT_CONVERSION = YES;
				CLANG_WARN_NON_LITERAL_NULL_CONVERSION = YES;
				CLANG_WARN_OBJC_IMPLICIT_RETAIN_SELF = YES;
				CLANG_WARN_OBJC_LITERAL_CONVERSION = YES;
				CLANG_WARN_OBJC_ROOT_CLASS = YES_ERROR;
				CLANG_WARN_RANGE_LOOP_ANALYSIS = YES;
				CLANG_WARN_STRICT_PROTOTYPES = YES;
				CLANG_WARN_SUSPICIOUS_MOVE = YES;
				CLANG_WARN_UNGUARDED_AVAILABILITY = YES_AGGRESSIVE;
				CLANG_WARN_UNREACHABLE_CODE = YES;
				CLANG_WARN__DUPLICATE_METHOD_MATCH = YES;
				CODE_SIGN_IDENTITY = "iPhone Developer";
				COPY_PHASE_STRIP = NO;
				DEBUG_INFORMATION_FORMAT = dwarf;
				ENABLE_STRICT_OBJC_MSGSEND = YES;
				ENABLE_TESTABILITY = YES;
				GCC_C_LANGUAGE_STANDARD = gnu11;
				GCC_DYNAMIC_NO_PIC = NO;
				GCC_NO_COMMON_BLOCKS = YES;
				GCC_OPTIMIZATION_LEVEL = 0;
				GCC_PREPROCESSOR_DEFINITIONS = (
					"DEBUG=1",
					"$(inherited)",
				);
				GCC_WARN_64_TO_32_BIT_CONVERSION = YES;
				GCC_WARN_ABOUT_RETURN_TYPE = YES_ERROR;
				GCC_WARN_UNDECLARED_SELECTOR = YES;
				GCC_WARN_UNINITIALIZED_AUTOS = YES_AGGRESSIVE;
				GCC_WARN_UNUSED_FUNCTION = YES;
				GCC_WARN_UNUSED_VARIABLE = YES;
				IPHONEOS_DEPLOYMENT_TARGET = 11.3;
				MTL_ENABLE_DEBUG_INFO = YES;
				ONLY_ACTIVE_ARCH = YES;
				SDKROOT = iphoneos;
				SWIFT_ACTIVE_COMPILATION_CONDITIONS = DEBUG;
				SWIFT_OPTIMIZATION_LEVEL = "-Onone";
			};
			name = Debug;
		};
		3EDED79E2090B36C0006268F /* Release */ = {
			isa = XCBuildConfiguration;
			buildSettings = {
				ALWAYS_SEARCH_USER_PATHS = NO;
				CLANG_ANALYZER_NONNULL = YES;
				CLANG_ANALYZER_NUMBER_OBJECT_CONVERSION = YES_AGGRESSIVE;
				CLANG_CXX_LANGUAGE_STANDARD = "gnu++14";
				CLANG_CXX_LIBRARY = "libc++";
				CLANG_ENABLE_MODULES = YES;
				CLANG_ENABLE_OBJC_ARC = YES;
				CLANG_ENABLE_OBJC_WEAK = YES;
				CLANG_WARN_BLOCK_CAPTURE_AUTORELEASING = YES;
				CLANG_WARN_BOOL_CONVERSION = YES;
				CLANG_WARN_COMMA = YES;
				CLANG_WARN_CONSTANT_CONVERSION = YES;
				CLANG_WARN_DEPRECATED_OBJC_IMPLEMENTATIONS = YES;
				CLANG_WARN_DIRECT_OBJC_ISA_USAGE = YES_ERROR;
				CLANG_WARN_DOCUMENTATION_COMMENTS = YES;
				CLANG_WARN_EMPTY_BODY = YES;
				CLANG_WARN_ENUM_CONVERSION = YES;
				CLANG_WARN_INFINITE_RECURSION = YES;
				CLANG_WARN_INT_CONVERSION = YES;
				CLANG_WARN_NON_LITERAL_NULL_CONVERSION = YES;
				CLANG_WARN_OBJC_IMPLICIT_RETAIN_SELF = YES;
				CLANG_WARN_OBJC_LITERAL_CONVERSION = YES;
				CLANG_WARN_OBJC_ROOT_CLASS = YES_ERROR;
				CLANG_WARN_RANGE_LOOP_ANALYSIS = YES;
				CLANG_WARN_STRICT_PROTOTYPES = YES;
				CLANG_WARN_SUSPICIOUS_MOVE = YES;
				CLANG_WARN_UNGUARDED_AVAILABILITY = YES_AGGRESSIVE;
				CLANG_WARN_UNREACHABLE_CODE = YES;
				CLANG_WARN__DUPLICATE_METHOD_MATCH = YES;
				CODE_SIGN_IDENTITY = "iPhone Developer";
				COPY_PHASE_STRIP = NO;
				DEBUG_INFORMATION_FORMAT = "dwarf-with-dsym";
				ENABLE_NS_ASSERTIONS = NO;
				ENABLE_STRICT_OBJC_MSGSEND = YES;
				GCC_C_LANGUAGE_STANDARD = gnu11;
				GCC_NO_COMMON_BLOCKS = YES;
				GCC_WARN_64_TO_32_BIT_CONVERSION = YES;
				GCC_WARN_ABOUT_RETURN_TYPE = YES_ERROR;
				GCC_WARN_UNDECLARED_SELECTOR = YES;
				GCC_WARN_UNINITIALIZED_AUTOS = YES_AGGRESSIVE;
				GCC_WARN_UNUSED_FUNCTION = YES;
				GCC_WARN_UNUSED_VARIABLE = YES;
				IPHONEOS_DEPLOYMENT_TARGET = 11.3;
				MTL_ENABLE_DEBUG_INFO = NO;
				SDKROOT = iphoneos;
				SWIFT_COMPILATION_MODE = wholemodule;
				SWIFT_OPTIMIZATION_LEVEL = "-O";
				VALIDATE_PRODUCT = YES;
			};
			name = Release;
		};
		3EDED7A02090B36C0006268F /* Debug */ = {
			isa = XCBuildConfiguration;
			baseConfigurationReference = DAF8ADC6824075C22FC1BB71 /* Pods-EzDealzDemo.debug.xcconfig */;
			buildSettings = {
				ASSETCATALOG_COMPILER_APPICON_NAME = AppIcon;
				CODE_SIGN_STYLE = Automatic;
				DEVELOPMENT_TEAM = BFW29W59H3;
				INFOPLIST_FILE = EzDealzDemo/Info.plist;
				LD_RUNPATH_SEARCH_PATHS = "$(inherited) @executable_path/Frameworks";
				PRODUCT_BUNDLE_IDENTIFIER = com.mk.EzDealzDemo;
				PRODUCT_NAME = "$(TARGET_NAME)";
				SWIFT_VERSION = 4.0;
				TARGETED_DEVICE_FAMILY = "1,2";
			};
			name = Debug;
		};
		3EDED7A12090B36C0006268F /* Release */ = {
			isa = XCBuildConfiguration;
			baseConfigurationReference = 78C0F9CD7AFC08B09D0F8BC9 /* Pods-EzDealzDemo.release.xcconfig */;
			buildSettings = {
				ASSETCATALOG_COMPILER_APPICON_NAME = AppIcon;
				CODE_SIGN_STYLE = Automatic;
				DEVELOPMENT_TEAM = BFW29W59H3;
				INFOPLIST_FILE = EzDealzDemo/Info.plist;
				LD_RUNPATH_SEARCH_PATHS = "$(inherited) @executable_path/Frameworks";
				PRODUCT_BUNDLE_IDENTIFIER = com.mk.EzDealzDemo;
				PRODUCT_NAME = "$(TARGET_NAME)";
				SWIFT_VERSION = 4.0;
				TARGETED_DEVICE_FAMILY = "1,2";
			};
			name = Release;
		};
/* End XCBuildConfiguration section */

/* Begin XCConfigurationList section */
		3EDED7882090B3680006268F /* Build configuration list for PBXProject "EzDealzDemo" */ = {
			isa = XCConfigurationList;
			buildConfigurations = (
				3EDED79D2090B36C0006268F /* Debug */,
				3EDED79E2090B36C0006268F /* Release */,
			);
			defaultConfigurationIsVisible = 0;
			defaultConfigurationName = Release;
		};
		3EDED79F2090B36C0006268F /* Build configuration list for PBXNativeTarget "EzDealzDemo" */ = {
			isa = XCConfigurationList;
			buildConfigurations = (
				3EDED7A02090B36C0006268F /* Debug */,
				3EDED7A12090B36C0006268F /* Release */,
			);
			defaultConfigurationIsVisible = 0;
			defaultConfigurationName = Release;
		};
/* End XCConfigurationList section */
	};
	rootObject = 3EDED7852090B3680006268F /* Project object */;
}
